// !$*UTF8*$!
{
	archiveVersion = 1;
	classes = {
	};
	objectVersion = 46;
	objects = {

/* Begin PBXBuildFile section */
		ACA5AA8F18F82CC000E3866A /* Foundation.framework in Frameworks */ = {isa = PBXBuildFile; fileRef = ACA5AA8E18F82CC000E3866A /* Foundation.framework */; };
		ACA5AA9118F82CC000E3866A /* CoreGraphics.framework in Frameworks */ = {isa = PBXBuildFile; fileRef = ACA5AA9018F82CC000E3866A /* CoreGraphics.framework */; };
		ACA5AA9318F82CC000E3866A /* UIKit.framework in Frameworks */ = {isa = PBXBuildFile; fileRef = ACA5AA9218F82CC000E3866A /* UIKit.framework */; };
		ACA5AA9918F82CC000E3866A /* InfoPlist.strings in Resources */ = {isa = PBXBuildFile; fileRef = ACA5AA9718F82CC000E3866A /* InfoPlist.strings */; };
		ACA5AA9B18F82CC000E3866A /* main.m in Sources */ = {isa = PBXBuildFile; fileRef = ACA5AA9A18F82CC000E3866A /* main.m */; };
		ACA5AA9F18F82CC000E3866A /* TDSAppDelegate.m in Sources */ = {isa = PBXBuildFile; fileRef = ACA5AA9E18F82CC000E3866A /* TDSAppDelegate.m */; };
		ACA5AAA118F82CC000E3866A /* Images.xcassets in Resources */ = {isa = PBXBuildFile; fileRef = ACA5AAA018F82CC000E3866A /* Images.xcassets */; };
		ACA5AAA818F82CC000E3866A /* XCTest.framework in Frameworks */ = {isa = PBXBuildFile; fileRef = ACA5AAA718F82CC000E3866A /* XCTest.framework */; };
		ACA5AAA918F82CC000E3866A /* Foundation.framework in Frameworks */ = {isa = PBXBuildFile; fileRef = ACA5AA8E18F82CC000E3866A /* Foundation.framework */; };
		ACA5AAAA18F82CC000E3866A /* UIKit.framework in Frameworks */ = {isa = PBXBuildFile; fileRef = ACA5AA9218F82CC000E3866A /* UIKit.framework */; };
		ACA5AAB218F82CC000E3866A /* InfoPlist.strings in Resources */ = {isa = PBXBuildFile; fileRef = ACA5AAB018F82CC000E3866A /* InfoPlist.strings */; };
		ACA5AAB418F82CC000E3866A /* ToDoSampleTests.m in Sources */ = {isa = PBXBuildFile; fileRef = ACA5AAB318F82CC000E3866A /* ToDoSampleTests.m */; };
		ACA5AABE18F82DBB00E3866A /* Main.storyboard in Resources */ = {isa = PBXBuildFile; fileRef = ACA5AABD18F82DBB00E3866A /* Main.storyboard */; };
		ACB369A118F834B0002C0AFA /* TDSItemListViewController.m in Sources */ = {isa = PBXBuildFile; fileRef = ACB369A018F834B0002C0AFA /* TDSItemListViewController.m */; };
		ACB369A418F83AE6002C0AFA /* TDSCreateItemViewController.m in Sources */ = {isa = PBXBuildFile; fileRef = ACB369A318F83AE6002C0AFA /* TDSCreateItemViewController.m */; };
/* End PBXBuildFile section */

/* Begin PBXContainerItemProxy section */
		ACA5AAAB18F82CC000E3866A /* PBXContainerItemProxy */ = {
			isa = PBXContainerItemProxy;
			containerPortal = ACA5AA8318F82CC000E3866A /* Project object */;
			proxyType = 1;
			remoteGlobalIDString = ACA5AA8A18F82CC000E3866A;
			remoteInfo = ToDoSample;
		};
/* End PBXContainerItemProxy section */

/* Begin PBXFileReference section */
		ACA5AA8B18F82CC000E3866A /* ToDoSample.app */ = {isa = PBXFileReference; explicitFileType = wrapper.application; includeInIndex = 0; path = ToDoSample.app; sourceTree = BUILT_PRODUCTS_DIR; };
		ACA5AA8E18F82CC000E3866A /* Foundation.framework */ = {isa = PBXFileReference; lastKnownFileType = wrapper.framework; name = Foundation.framework; path = System/Library/Frameworks/Foundation.framework; sourceTree = SDKROOT; };
		ACA5AA9018F82CC000E3866A /* CoreGraphics.framework */ = {isa = PBXFileReference; lastKnownFileType = wrapper.framework; name = CoreGraphics.framework; path = System/Library/Frameworks/CoreGraphics.framework; sourceTree = SDKROOT; };
		ACA5AA9218F82CC000E3866A /* UIKit.framework */ = {isa = PBXFileReference; lastKnownFileType = wrapper.framework; name = UIKit.framework; path = System/Library/Frameworks/UIKit.framework; sourceTree = SDKROOT; };
		ACA5AA9618F82CC000E3866A /* ToDoSample-Info.plist */ = {isa = PBXFileReference; lastKnownFileType = text.plist.xml; path = "ToDoSample-Info.plist"; sourceTree = "<group>"; };
		ACA5AA9818F82CC000E3866A /* en */ = {isa = PBXFileReference; lastKnownFileType = text.plist.strings; name = en; path = en.lproj/InfoPlist.strings; sourceTree = "<group>"; };
		ACA5AA9A18F82CC000E3866A /* main.m */ = {isa = PBXFileReference; lastKnownFileType = sourcecode.c.objc; path = main.m; sourceTree = "<group>"; };
		ACA5AA9C18F82CC000E3866A /* ToDoSample-Prefix.pch */ = {isa = PBXFileReference; lastKnownFileType = sourcecode.c.h; path = "ToDoSample-Prefix.pch"; sourceTree = "<group>"; };
		ACA5AA9D18F82CC000E3866A /* TDSAppDelegate.h */ = {isa = PBXFileReference; lastKnownFileType = sourcecode.c.h; path = TDSAppDelegate.h; sourceTree = "<group>"; };
		ACA5AA9E18F82CC000E3866A /* TDSAppDelegate.m */ = {isa = PBXFileReference; lastKnownFileType = sourcecode.c.objc; path = TDSAppDelegate.m; sourceTree = "<group>"; };
		ACA5AAA018F82CC000E3866A /* Images.xcassets */ = {isa = PBXFileReference; lastKnownFileType = folder.assetcatalog; path = Images.xcassets; sourceTree = "<group>"; };
		ACA5AAA618F82CC000E3866A /* ToDoSampleTests.xctest */ = {isa = PBXFileReference; explicitFileType = wrapper.cfbundle; includeInIndex = 0; path = ToDoSampleTests.xctest; sourceTree = BUILT_PRODUCTS_DIR; };
		ACA5AAA718F82CC000E3866A /* XCTest.framework */ = {isa = PBXFileReference; lastKnownFileType = wrapper.framework; name = XCTest.framework; path = Library/Frameworks/XCTest.framework; sourceTree = DEVELOPER_DIR; };
		ACA5AAAF18F82CC000E3866A /* ToDoSampleTests-Info.plist */ = {isa = PBXFileReference; lastKnownFileType = text.plist.xml; path = "ToDoSampleTests-Info.plist"; sourceTree = "<group>"; };
		ACA5AAB118F82CC000E3866A /* en */ = {isa = PBXFileReference; lastKnownFileType = text.plist.strings; name = en; path = en.lproj/InfoPlist.strings; sourceTree = "<group>"; };
		ACA5AAB318F82CC000E3866A /* ToDoSampleTests.m */ = {isa = PBXFileReference; lastKnownFileType = sourcecode.c.objc; path = ToDoSampleTests.m; sourceTree = "<group>"; };
		ACA5AABD18F82DBB00E3866A /* Main.storyboard */ = {isa = PBXFileReference; fileEncoding = 4; lastKnownFileType = file.storyboard; path = Main.storyboard; sourceTree = "<group>"; };
		ACB3699F18F834B0002C0AFA /* TDSItemListViewController.h */ = {isa = PBXFileReference; fileEncoding = 4; lastKnownFileType = sourcecode.c.h; path = TDSItemListViewController.h; sourceTree = "<group>"; };
		ACB369A018F834B0002C0AFA /* TDSItemListViewController.m */ = {isa = PBXFileReference; fileEncoding = 4; lastKnownFileType = sourcecode.c.objc; path = TDSItemListViewController.m; sourceTree = "<group>"; };
		ACB369A218F83AE6002C0AFA /* TDSCreateItemViewController.h */ = {isa = PBXFileReference; fileEncoding = 4; lastKnownFileType = sourcecode.c.h; path = TDSCreateItemViewController.h; sourceTree = "<group>"; };
		ACB369A318F83AE6002C0AFA /* TDSCreateItemViewController.m */ = {isa = PBXFileReference; fileEncoding = 4; lastKnownFileType = sourcecode.c.objc; path = TDSCreateItemViewController.m; sourceTree = "<group>"; };
/* End PBXFileReference section */

/* Begin PBXFrameworksBuildPhase section */
		ACA5AA8818F82CC000E3866A /* Frameworks */ = {
			isa = PBXFrameworksBuildPhase;
			buildActionMask = 2147483647;
			files = (
				ACA5AA9118F82CC000E3866A /* CoreGraphics.framework in Frameworks */,
				ACA5AA9318F82CC000E3866A /* UIKit.framework in Frameworks */,
				ACA5AA8F18F82CC000E3866A /* Foundation.framework in Frameworks */,
			);
			runOnlyForDeploymentPostprocessing = 0;
		};
		ACA5AAA318F82CC000E3866A /* Frameworks */ = {
			isa = PBXFrameworksBuildPhase;
			buildActionMask = 2147483647;
			files = (
				ACA5AAA818F82CC000E3866A /* XCTest.framework in Frameworks */,
				ACA5AAAA18F82CC000E3866A /* UIKit.framework in Frameworks */,
				ACA5AAA918F82CC000E3866A /* Foundation.framework in Frameworks */,
			);
			runOnlyForDeploymentPostprocessing = 0;
		};
/* End PBXFrameworksBuildPhase section */

/* Begin PBXGroup section */
		ACA5AA8218F82CC000E3866A = {
			isa = PBXGroup;
			children = (
				ACA5AA9418F82CC000E3866A /* ToDoSample */,
				ACA5AAAD18F82CC000E3866A /* ToDoSampleTests */,
				ACA5AA8D18F82CC000E3866A /* Frameworks */,
				ACA5AA8C18F82CC000E3866A /* Products */,
			);
			sourceTree = "<group>";
		};
		ACA5AA8C18F82CC000E3866A /* Products */ = {
			isa = PBXGroup;
			children = (
				ACA5AA8B18F82CC000E3866A /* ToDoSample.app */,
				ACA5AAA618F82CC000E3866A /* ToDoSampleTests.xctest */,
			);
			name = Products;
			sourceTree = "<group>";
		};
		ACA5AA8D18F82CC000E3866A /* Frameworks */ = {
			isa = PBXGroup;
			children = (
				ACA5AA8E18F82CC000E3866A /* Foundation.framework */,
				ACA5AA9018F82CC000E3866A /* CoreGraphics.framework */,
				ACA5AA9218F82CC000E3866A /* UIKit.framework */,
				ACA5AAA718F82CC000E3866A /* XCTest.framework */,
			);
			name = Frameworks;
			sourceTree = "<group>";
		};
		ACA5AA9418F82CC000E3866A /* ToDoSample */ = {
			isa = PBXGroup;
			children = (
				ACA5AA9D18F82CC000E3866A /* TDSAppDelegate.h */,
				ACA5AA9E18F82CC000E3866A /* TDSAppDelegate.m */,
				ACA5AABD18F82DBB00E3866A /* Main.storyboard */,
				ACB369A218F83AE6002C0AFA /* TDSCreateItemViewController.h */,
				ACB369A318F83AE6002C0AFA /* TDSCreateItemViewController.m */,
				ACB3699F18F834B0002C0AFA /* TDSItemListViewController.h */,
				ACB369A018F834B0002C0AFA /* TDSItemListViewController.m */,
				ACA5AAA018F82CC000E3866A /* Images.xcassets */,
				ACA5AA9518F82CC000E3866A /* Supporting Files */,
			);
			path = ToDoSample;
			sourceTree = "<group>";
		};
		ACA5AA9518F82CC000E3866A /* Supporting Files */ = {
			isa = PBXGroup;
			children = (
				ACA5AA9618F82CC000E3866A /* ToDoSample-Info.plist */,
				ACA5AA9718F82CC000E3866A /* InfoPlist.strings */,
				ACA5AA9A18F82CC000E3866A /* main.m */,
				ACA5AA9C18F82CC000E3866A /* ToDoSample-Prefix.pch */,
			);
			name = "Supporting Files";
			sourceTree = "<group>";
		};
		ACA5AAAD18F82CC000E3866A /* ToDoSampleTests */ = {
			isa = PBXGroup;
			children = (
				ACA5AAB318F82CC000E3866A /* ToDoSampleTests.m */,
				ACA5AAAE18F82CC000E3866A /* Supporting Files */,
			);
			path = ToDoSampleTests;
			sourceTree = "<group>";
		};
		ACA5AAAE18F82CC000E3866A /* Supporting Files */ = {
			isa = PBXGroup;
			children = (
				ACA5AAAF18F82CC000E3866A /* ToDoSampleTests-Info.plist */,
				ACA5AAB018F82CC000E3866A /* InfoPlist.strings */,
			);
			name = "Supporting Files";
			sourceTree = "<group>";
		};
/* End PBXGroup section */

/* Begin PBXNativeTarget section */
		ACA5AA8A18F82CC000E3866A /* ToDoSample */ = {
			isa = PBXNativeTarget;
			buildConfigurationList = ACA5AAB718F82CC000E3866A /* Build configuration list for PBXNativeTarget "ToDoSample" */;
			buildPhases = (
				ACA5AA8718F82CC000E3866A /* Sources */,
				ACA5AA8818F82CC000E3866A /* Frameworks */,
				ACA5AA8918F82CC000E3866A /* Resources */,
			);
			buildRules = (
			);
			dependencies = (
			);
			name = ToDoSample;
			productName = ToDoSample;
			productReference = ACA5AA8B18F82CC000E3866A /* ToDoSample.app */;
			productType = "com.apple.product-type.application";
		};
		ACA5AAA518F82CC000E3866A /* ToDoSampleTests */ = {
			isa = PBXNativeTarget;
			buildConfigurationList = ACA5AABA18F82CC000E3866A /* Build configuration list for PBXNativeTarget "ToDoSampleTests" */;
			buildPhases = (
				ACA5AAA218F82CC000E3866A /* Sources */,
				ACA5AAA318F82CC000E3866A /* Frameworks */,
				ACA5AAA418F82CC000E3866A /* Resources */,
			);
			buildRules = (
			);
			dependencies = (
				ACA5AAAC18F82CC000E3866A /* PBXTargetDependency */,
			);
			name = ToDoSampleTests;
			productName = ToDoSampleTests;
			productReference = ACA5AAA618F82CC000E3866A /* ToDoSampleTests.xctest */;
			productType = "com.apple.product-type.bundle.unit-test";
		};
/* End PBXNativeTarget section */

/* Begin PBXProject section */
		ACA5AA8318F82CC000E3866A /* Project object */ = {
			isa = PBXProject;
			attributes = {
				CLASSPREFIX = TDS;
				LastUpgradeCheck = 0510;
				ORGANIZATIONNAME = wataru.morishima;
				TargetAttributes = {
					ACA5AAA518F82CC000E3866A = {
						TestTargetID = ACA5AA8A18F82CC000E3866A;
					};
				};
			};
			buildConfigurationList = ACA5AA8618F82CC000E3866A /* Build configuration list for PBXProject "ToDoSample" */;
			compatibilityVersion = "Xcode 3.2";
			developmentRegion = English;
			hasScannedForEncodings = 0;
			knownRegions = (
				en,
			);
			mainGroup = ACA5AA8218F82CC000E3866A;
			productRefGroup = ACA5AA8C18F82CC000E3866A /* Products */;
			projectDirPath = "";
			projectRoot = "";
			targets = (
				ACA5AA8A18F82CC000E3866A /* ToDoSample */,
				ACA5AAA518F82CC000E3866A /* ToDoSampleTests */,
			);
		};
/* End PBXProject section */

/* Begin PBXResourcesBuildPhase section */
		ACA5AA8918F82CC000E3866A /* Resources */ = {
			isa = PBXResourcesBuildPhase;
			buildActionMask = 2147483647;
			files = (
				ACA5AABE18F82DBB00E3866A /* Main.storyboard in Resources */,
				ACA5AA9918F82CC000E3866A /* InfoPlist.strings in Resources */,
				ACA5AAA118F82CC000E3866A /* Images.xcassets in Resources */,
			);
			runOnlyForDeploymentPostprocessing = 0;
		};
		ACA5AAA418F82CC000E3866A /* Resources */ = {
			isa = PBXResourcesBuildPhase;
			buildActionMask = 2147483647;
			files = (
				ACA5AAB218F82CC000E3866A /* InfoPlist.strings in Resources */,
			);
			runOnlyForDeploymentPostprocessing = 0;
		};
/* End PBXResourcesBuildPhase section */

/* Begin PBXSourcesBuildPhase section */
		ACA5AA8718F82CC000E3866A /* Sources */ = {
			isa = PBXSourcesBuildPhase;
			buildActionMask = 2147483647;
			files = (
				ACA5AA9F18F82CC000E3866A /* TDSAppDelegate.m in Sources */,
				ACB369A418F83AE6002C0AFA /* TDSCreateItemViewController.m in Sources */,
				ACB369A118F834B0002C0AFA /* TDSItemListViewController.m in Sources */,
				ACA5AA9B18F82CC000E3866A /* main.m in Sources */,
			);
			runOnlyForDeploymentPostprocessing = 0;
		};
		ACA5AAA218F82CC000E3866A /* Sources */ = {
			isa = PBXSourcesBuildPhase;
			buildActionMask = 2147483647;
			files = (
				ACA5AAB418F82CC000E3866A /* ToDoSampleTests.m in Sources */,
			);
			runOnlyForDeploymentPostprocessing = 0;
		};
/* End PBXSourcesBuildPhase section */

/* Begin PBXTargetDependency section */
		ACA5AAAC18F82CC000E3866A /* PBXTargetDependency */ = {
			isa = PBXTargetDependency;
			target = ACA5AA8A18F82CC000E3866A /* ToDoSample */;
			targetProxy = ACA5AAAB18F82CC000E3866A /* PBXContainerItemProxy */;
		};
/* End PBXTargetDependency section */

/* Begin PBXVariantGroup section */
		ACA5AA9718F82CC000E3866A /* InfoPlist.strings */ = {
			isa = PBXVariantGroup;
			children = (
				ACA5AA9818F82CC000E3866A /* en */,
			);
			name = InfoPlist.strings;
			sourceTree = "<group>";
		};
		ACA5AAB018F82CC000E3866A /* InfoPlist.strings */ = {
			isa = PBXVariantGroup;
			children = (
				ACA5AAB118F82CC000E3866A /* en */,
			);
			name = InfoPlist.strings;
			sourceTree = "<group>";
		};
/* End PBXVariantGroup section */

/* Begin XCBuildConfiguration section */
		ACA5AAB518F82CC000E3866A /* Debug */ = {
			isa = XCBuildConfiguration;
			buildSettings = {
				ALWAYS_SEARCH_USER_PATHS = NO;
				CLANG_CXX_LANGUAGE_STANDARD = "gnu++0x";
				CLANG_CXX_LIBRARY = "libc++";
				CLANG_ENABLE_MODULES = YES;
				CLANG_ENABLE_OBJC_ARC = YES;
				CLANG_WARN_BOOL_CONVERSION = YES;
				CLANG_WARN_CONSTANT_CONVERSION = YES;
				CLANG_WARN_DIRECT_OBJC_ISA_USAGE = YES_ERROR;
				CLANG_WARN_EMPTY_BODY = YES;
				CLANG_WARN_ENUM_CONVERSION = YES;
				CLANG_WARN_INT_CONVERSION = YES;
				CLANG_WARN_OBJC_ROOT_CLASS = YES_ERROR;
				CLANG_WARN__DUPLICATE_METHOD_MATCH = YES;
				"CODE_SIGN_IDENTITY[sdk=iphoneos*]" = "iPhone Developer";
				COPY_PHASE_STRIP = NO;
				GCC_C_LANGUAGE_STANDARD = gnu99;
				GCC_DYNAMIC_NO_PIC = NO;
				GCC_OPTIMIZATION_LEVEL = 0;
				GCC_PREPROCESSOR_DEFINITIONS = (
					"DEBUG=1",
					"$(inherited)",
				);
				GCC_SYMBOLS_PRIVATE_EXTERN = NO;
				GCC_WARN_64_TO_32_BIT_CONVERSION = YES;
				GCC_WARN_ABOUT_RETURN_TYPE = YES_ERROR;
				GCC_WARN_UNDECLARED_SELECTOR = YES;
				GCC_WARN_UNINITIALIZED_AUTOS = YES_AGGRESSIVE;
				GCC_WARN_UNUSED_FUNCTION = YES;
				GCC_WARN_UNUSED_VARIABLE = YES;
				IPHONEOS_DEPLOYMENT_TARGET = 7.1;
				ONLY_ACTIVE_ARCH = YES;
				SDKROOT = iphoneos;
			};
			name = Debug;
		};
		ACA5AAB618F82CC000E3866A /* Release */ = {
			isa = XCBuildConfiguration;
			buildSettings = {
				ALWAYS_SEARCH_USER_PATHS = NO;
				CLANG_CXX_LANGUAGE_STANDARD = "gnu++0x";
				CLANG_CXX_LIBRARY = "libc++";
				CLANG_ENABLE_MODULES = YES;
				CLANG_ENABLE_OBJC_ARC = YES;
				CLANG_WARN_BOOL_CONVERSION = YES;
				CLANG_WARN_CONSTANT_CONVERSION = YES;
				CLANG_WARN_DIRECT_OBJC_ISA_USAGE = YES_ERROR;
				CLANG_WARN_EMPTY_BODY = YES;
				CLANG_WARN_ENUM_CONVERSION = YES;
				CLANG_WARN_INT_CONVERSION = YES;
				CLANG_WARN_OBJC_ROOT_CLASS = YES_ERROR;
				CLANG_WARN__DUPLICATE_METHOD_MATCH = YES;
				"CODE_SIGN_IDENTITY[sdk=iphoneos*]" = "iPhone Developer";
				COPY_PHASE_STRIP = YES;
				ENABLE_NS_ASSERTIONS = NO;
				GCC_C_LANGUAGE_STANDARD = gnu99;
				GCC_WARN_64_TO_32_BIT_CONVERSION = YES;
				GCC_WARN_ABOUT_RETURN_TYPE = YES_ERROR;
				GCC_WARN_UNDECLARED_SELECTOR = YES;
				GCC_WARN_UNINITIALIZED_AUTOS = YES_AGGRESSIVE;
				GCC_WARN_UNUSED_FUNCTION = YES;
				GCC_WARN_UNUSED_VARIABLE = YES;
				IPHONEOS_DEPLOYMENT_TARGET = 7.1;
				SDKROOT = iphoneos;
				VALIDATE_PRODUCT = YES;
			};
			name = Release;
		};
		ACA5AAB818F82CC000E3866A /* Debug */ = {
			isa = XCBuildConfiguration;
			buildSettings = {
				ASSETCATALOG_COMPILER_APPICON_NAME = AppIcon;
				ASSETCATALOG_COMPILER_LAUNCHIMAGE_NAME = LaunchImage;
				GCC_PRECOMPILE_PREFIX_HEADER = YES;
				GCC_PREFIX_HEADER = "ToDoSample/ToDoSample-Prefix.pch";
				INFOPLIST_FILE = "ToDoSample/ToDoSample-Info.plist";
				PRODUCT_NAME = "$(TARGET_NAME)";
				WRAPPER_EXTENSION = app;
			};
			name = Debug;
		};
		ACA5AAB918F82CC000E3866A /* Release */ = {
			isa = XCBuildConfiguration;
			buildSettings = {
				ASSETCATALOG_COMPILER_APPICON_NAME = AppIcon;
				ASSETCATALOG_COMPILER_LAUNCHIMAGE_NAME = LaunchImage;
				GCC_PRECOMPILE_PREFIX_HEADER = YES;
				GCC_PREFIX_HEADER = "ToDoSample/ToDoSample-Prefix.pch";
				INFOPLIST_FILE = "ToDoSample/ToDoSample-Info.plist";
				PRODUCT_NAME = "$(TARGET_NAME)";
				WRAPPER_EXTENSION = app;
			};
			name = Release;
		};
		ACA5AABB18F82CC000E3866A /* Debug */ = {
			isa = XCBuildConfiguration;
			buildSettings = {
				BUNDLE_LOADER = "$(BUILT_PRODUCTS_DIR)/ToDoSample.app/ToDoSample";
				FRAMEWORK_SEARCH_PATHS = (
					"$(SDKROOT)/Developer/Library/Frameworks",
					"$(inherited)",
					"$(DEVELOPER_FRAMEWORKS_DIR)",
				);
				GCC_PRECOMPILE_PREFIX_HEADER = YES;
				GCC_PREFIX_HEADER = "ToDoSample/ToDoSample-Prefix.pch";
				GCC_PREPROCESSOR_DEFINITIONS = (
					"DEBUG=1",
					"$(inherited)",
				);
				INFOPLIST_FILE = "ToDoSampleTests/ToDoSampleTests-Info.plist";
				PRODUCT_NAME = "$(TARGET_NAME)";
				TEST_HOST = "$(BUNDLE_LOADER)";
				WRAPPER_EXTENSION = xctest;
			};
			name = Debug;
		};
		ACA5AABC18F82CC000E3866A /* Release */ = {
			isa = XCBuildConfiguration;
			buildSettings = {
				BUNDLE_LOADER = "$(BUILT_PRODUCTS_DIR)/ToDoSample.app/ToDoSample";
				FRAMEWORK_SEARCH_PATHS = (
					"$(SDKROOT)/Developer/Library/Frameworks",
					"$(inherited)",
					"$(DEVELOPER_FRAMEWORKS_DIR)",
				);
				GCC_PRECOMPILE_PREFIX_HEADER = YES;
				GCC_PREFIX_HEADER = "ToDoSample/ToDoSample-Prefix.pch";
				INFOPLIST_FILE = "ToDoSampleTests/ToDoSampleTests-Info.plist";
				PRODUCT_NAME = "$(TARGET_NAME)";
				TEST_HOST = "$(BUNDLE_LOADER)";
				WRAPPER_EXTENSION = xctest;
			};
			name = Release;
		};
/* End XCBuildConfiguration section */

/* Begin XCConfigurationList section */
		ACA5AA8618F82CC000E3866A /* Build configuration list for PBXProject "ToDoSample" */ = {
			isa = XCConfigurationList;
			buildConfigurations = (
				ACA5AAB518F82CC000E3866A /* Debug */,
				ACA5AAB618F82CC000E3866A /* Release */,
			);
			defaultConfigurationIsVisible = 0;
			defaultConfigurationName = Release;
		};
		ACA5AAB718F82CC000E3866A /* Build configuration list for PBXNativeTarget "ToDoSample" */ = {
			isa = XCConfigurationList;
			buildConfigurations = (
				ACA5AAB818F82CC000E3866A /* Debug */,
				ACA5AAB918F82CC000E3866A /* Release */,
			);
			defaultConfigurationIsVisible = 0;
			defaultConfigurationName = Release;
		};
		ACA5AABA18F82CC000E3866A /* Build configuration list for PBXNativeTarget "ToDoSampleTests" */ = {
			isa = XCConfigurationList;
			buildConfigurations = (
				ACA5AABB18F82CC000E3866A /* Debug */,
				ACA5AABC18F82CC000E3866A /* Release */,
			);
			defaultConfigurationIsVisible = 0;
			defaultConfigurationName = Release;
		};
/* End XCConfigurationList section */
	};
	rootObject = ACA5AA8318F82CC000E3866A /* Project object */;
}
